
Microsoft Visual Studio Solution File, Format Version 12.00
# Visual Studio Version 17
VisualStudioVersion = 17.7.34302.85
MinimumVisualStudioVersion = 10.0.40219.1
Project("{9A19103F-16F7-4668-BE54-9A1E7A4F7556}") = "Clarity.Web.UI", "Clarity.Web.UI\Clarity.Web.UI.csproj", "{5882228B-BB26-44BC-A018-A435B1D0A17D}"
EndProject
Project("{9A19103F-16F7-4668-BE54-9A1E7A4F7556}") = "Clarity.Web.Service", "Clarity.Web.Service\Clarity.Web.Service.csproj", "{3B51328A-AC59-4F5F-9394-C52C7F52F7C0}"
EndProject
Project("{00D1A9C2-B5F0-4AF3-8072-F6C62B433612}") = "Claritydb", "Claritydb\Claritydb.sqlproj", "{743819BD-0DA1-42F8-87E3-21E12B5D199F}"
EndProject
Project("{FAE04EC0-301F-11D3-BF4B-00C04F79EFBC}") = "Clarity.Web.Service.Test", "Clarity.Web.Service.Test\Clarity.Web.Service.Test.csproj", "{A50335EA-4EA0-4E4F-8FB2-58FE6AF45008}"
EndProject
Global
	GlobalSection(SolutionConfigurationPlatforms) = preSolution
		Debug|Any CPU = Debug|Any CPU
		Release|Any CPU = Release|Any CPU
	EndGlobalSection
	GlobalSection(ProjectConfigurationPlatforms) = postSolution
		{5882228B-BB26-44BC-A018-A435B1D0A17D}.Debug|Any CPU.ActiveCfg = Debug|Any CPU
		{5882228B-BB26-44BC-A018-A435B1D0A17D}.Debug|Any CPU.Build.0 = Debug|Any CPU
		{5882228B-BB26-44BC-A018-A435B1D0A17D}.Release|Any CPU.ActiveCfg = Release|Any CPU
		{5882228B-BB26-44BC-A018-A435B1D0A17D}.Release|Any CPU.Build.0 = Release|Any CPU
		{3B51328A-AC59-4F5F-9394-C52C7F52F7C0}.Debug|Any CPU.ActiveCfg = Debug|Any CPU
		{3B51328A-AC59-4F5F-9394-C52C7F52F7C0}.Debug|Any CPU.Build.0 = Debug|Any CPU
		{3B51328A-AC59-4F5F-9394-C52C7F52F7C0}.Release|Any CPU.ActiveCfg = Release|Any CPU
		{3B51328A-AC59-4F5F-9394-C52C7F52F7C0}.Release|Any CPU.Build.0 = Release|Any CPU
		{743819BD-0DA1-42F8-87E3-21E12B5D199F}.Debug|Any CPU.ActiveCfg = Debug|Any CPU
		{743819BD-0DA1-42F8-87E3-21E12B5D199F}.Debug|Any CPU.Build.0 = Debug|Any CPU
		{743819BD-0DA1-42F8-87E3-21E12B5D199F}.Debug|Any CPU.Deploy.0 = Debug|Any CPU
		{743819BD-0DA1-42F8-87E3-21E12B5D199F}.Release|Any CPU.ActiveCfg = Release|Any CPU
		{743819BD-0DA1-42F8-87E3-21E12B5D199F}.Release|Any CPU.Build.0 = Release|Any CPU
		{743819BD-0DA1-42F8-87E3-21E12B5D199F}.Release|Any CPU.Deploy.0 = Release|Any CPU
		{A50335EA-4EA0-4E4F-8FB2-58FE6AF45008}.Debug|Any CPU.ActiveCfg = Debug|Any CPU
		{A50335EA-4EA0-4E4F-8FB2-58FE6AF45008}.Debug|Any CPU.Build.0 = Debug|Any CPU
		{A50335EA-4EA0-4E4F-8FB2-58FE6AF45008}.Release|Any CPU.ActiveCfg = Release|Any CPU
		{A50335EA-4EA0-4E4F-8FB2-58FE6AF45008}.Release|Any CPU.Build.0 = Release|Any CPU
	EndGlobalSection
	GlobalSection(SolutionProperties) = preSolution
		HideSolutionNode = FALSE
	EndGlobalSection
	GlobalSection(ExtensibilityGlobals) = postSolution
		SolutionGuid = {45F5E5E8-0728-4EB9-953C-DFFCDF92CD1F}
	EndGlobalSection
EndGlobal
